
Microsoft Visual Studio Solution File, Format Version 12.00
# Visual Studio Version 17
VisualStudioVersion = 17.2.32505.173
MinimumVisualStudioVersion = 10.0.40219.1
Project("{9A19103F-16F7-4668-BE54-9A1E7A4F7556}") = "Authentication.WebApp", "Authentication.WebApp\Authentication.WebApp.csproj", "{66DFE27A-D4E5-4BAD-A5E5-47FB24381692}"
EndProject
Project("{2150E333-8FDC-42A3-9474-1A3956D46DE8}") = "src", "src", "{1B610B21-0B32-426F-B006-FB8401EC8198}"
EndProject
Project("{2150E333-8FDC-42A3-9474-1A3956D46DE8}") = "WebApi", "WebApi", "{33A3F1F0-833D-4F0A-89B9-E4078F3A416D}"
EndProject
Project("{2150E333-8FDC-42A3-9474-1A3956D46DE8}") = "Repository", "Repository", "{9D5B6DF0-EFF3-4A2D-B6F3-1C7DC601A50A}"
EndProject
Project("{2150E333-8FDC-42A3-9474-1A3956D46DE8}") = "Services", "Services", "{A5E6D19A-DA61-4CF9-8BE1-E085202DB4B2}"
EndProject
Project("{9A19103F-16F7-4668-BE54-9A1E7A4F7556}") = "Authentication.Models", "Authentication.Models\Authentication.Models.csproj", "{52330D99-A0B5-4ED2-AC92-95D01301AAA2}"
EndProject
Project("{9A19103F-16F7-4668-BE54-9A1E7A4F7556}") = "Authentication.Repository", "Authentication.Repository\Authentication.Repository.csproj", "{11F0AFBE-DA36-40BB-A4E2-B8D9C27308C5}"
EndProject
Project("{9A19103F-16F7-4668-BE54-9A1E7A4F7556}") = "Authentication.Dtos", "Authentication.Dtos\Authentication.Dtos.csproj", "{599AE6F5-87FC-4C92-B125-B4AE0CEEED73}"
EndProject
Project("{9A19103F-16F7-4668-BE54-9A1E7A4F7556}") = "Authentication.Services", "Authentication.Services\Authentication.Services.csproj", "{F5416421-55F4-4FC0-9E50-0BC7694E5B1C}"
EndProject
Project("{2150E333-8FDC-42A3-9474-1A3956D46DE8}") = "Utils", "Utils", "{DD88F8A4-49B4-48EF-A86A-B447B9F36980}"
EndProject
Project("{9A19103F-16F7-4668-BE54-9A1E7A4F7556}") = "Authentication.HashPasswordHalper", "PasswordHashHelper\Authentication.HashPasswordHalper.csproj", "{D7A1CC94-5A6C-4A25-A78F-AA939A07B9D8}"
EndProject
Project("{FAE04EC0-301F-11D3-BF4B-00C04F79EFBC}") = "JWTUtil", "JWTUtil\JWTUtil.csproj", "{673890F2-212D-4E5F-A70F-C1D37F3C5436}"
EndProject
Global
	GlobalSection(SolutionConfigurationPlatforms) = preSolution
		Debug|Any CPU = Debug|Any CPU
		Release|Any CPU = Release|Any CPU
	EndGlobalSection
	GlobalSection(ProjectConfigurationPlatforms) = postSolution
		{66DFE27A-D4E5-4BAD-A5E5-47FB24381692}.Debug|Any CPU.ActiveCfg = Debug|Any CPU
		{66DFE27A-D4E5-4BAD-A5E5-47FB24381692}.Debug|Any CPU.Build.0 = Debug|Any CPU
		{66DFE27A-D4E5-4BAD-A5E5-47FB24381692}.Release|Any CPU.ActiveCfg = Release|Any CPU
		{66DFE27A-D4E5-4BAD-A5E5-47FB24381692}.Release|Any CPU.Build.0 = Release|Any CPU
		{52330D99-A0B5-4ED2-AC92-95D01301AAA2}.Debug|Any CPU.ActiveCfg = Debug|Any CPU
		{52330D99-A0B5-4ED2-AC92-95D01301AAA2}.Debug|Any CPU.Build.0 = Debug|Any CPU
		{52330D99-A0B5-4ED2-AC92-95D01301AAA2}.Release|Any CPU.ActiveCfg = Release|Any CPU
		{52330D99-A0B5-4ED2-AC92-95D01301AAA2}.Release|Any CPU.Build.0 = Release|Any CPU
		{11F0AFBE-DA36-40BB-A4E2-B8D9C27308C5}.Debug|Any CPU.ActiveCfg = Debug|Any CPU
		{11F0AFBE-DA36-40BB-A4E2-B8D9C27308C5}.Debug|Any CPU.Build.0 = Debug|Any CPU
		{11F0AFBE-DA36-40BB-A4E2-B8D9C27308C5}.Release|Any CPU.ActiveCfg = Release|Any CPU
		{11F0AFBE-DA36-40BB-A4E2-B8D9C27308C5}.Release|Any CPU.Build.0 = Release|Any CPU
		{599AE6F5-87FC-4C92-B125-B4AE0CEEED73}.Debug|Any CPU.ActiveCfg = Debug|Any CPU
		{599AE6F5-87FC-4C92-B125-B4AE0CEEED73}.Debug|Any CPU.Build.0 = Debug|Any CPU
		{599AE6F5-87FC-4C92-B125-B4AE0CEEED73}.Release|Any CPU.ActiveCfg = Release|Any CPU
		{599AE6F5-87FC-4C92-B125-B4AE0CEEED73}.Release|Any CPU.Build.0 = Release|Any CPU
		{F5416421-55F4-4FC0-9E50-0BC7694E5B1C}.Debug|Any CPU.ActiveCfg = Debug|Any CPU
		{F5416421-55F4-4FC0-9E50-0BC7694E5B1C}.Debug|Any CPU.Build.0 = Debug|Any CPU
		{F5416421-55F4-4FC0-9E50-0BC7694E5B1C}.Release|Any CPU.ActiveCfg = Release|Any CPU
		{F5416421-55F4-4FC0-9E50-0BC7694E5B1C}.Release|Any CPU.Build.0 = Release|Any CPU
		{D7A1CC94-5A6C-4A25-A78F-AA939A07B9D8}.Debug|Any CPU.ActiveCfg = Debug|Any CPU
		{D7A1CC94-5A6C-4A25-A78F-AA939A07B9D8}.Debug|Any CPU.Build.0 = Debug|Any CPU
		{D7A1CC94-5A6C-4A25-A78F-AA939A07B9D8}.Release|Any CPU.ActiveCfg = Release|Any CPU
		{D7A1CC94-5A6C-4A25-A78F-AA939A07B9D8}.Release|Any CPU.Build.0 = Release|Any CPU
		{673890F2-212D-4E5F-A70F-C1D37F3C5436}.Debug|Any CPU.ActiveCfg = Debug|Any CPU
		{673890F2-212D-4E5F-A70F-C1D37F3C5436}.Debug|Any CPU.Build.0 = Debug|Any CPU
		{673890F2-212D-4E5F-A70F-C1D37F3C5436}.Release|Any CPU.ActiveCfg = Release|Any CPU
		{673890F2-212D-4E5F-A70F-C1D37F3C5436}.Release|Any CPU.Build.0 = Release|Any CPU
	EndGlobalSection
	GlobalSection(SolutionProperties) = preSolution
		HideSolutionNode = FALSE
	EndGlobalSection
	GlobalSection(NestedProjects) = preSolution
		{66DFE27A-D4E5-4BAD-A5E5-47FB24381692} = {33A3F1F0-833D-4F0A-89B9-E4078F3A416D}
		{33A3F1F0-833D-4F0A-89B9-E4078F3A416D} = {1B610B21-0B32-426F-B006-FB8401EC8198}
		{9D5B6DF0-EFF3-4A2D-B6F3-1C7DC601A50A} = {1B610B21-0B32-426F-B006-FB8401EC8198}
		{A5E6D19A-DA61-4CF9-8BE1-E085202DB4B2} = {1B610B21-0B32-426F-B006-FB8401EC8198}
		{52330D99-A0B5-4ED2-AC92-95D01301AAA2} = {9D5B6DF0-EFF3-4A2D-B6F3-1C7DC601A50A}
		{11F0AFBE-DA36-40BB-A4E2-B8D9C27308C5} = {9D5B6DF0-EFF3-4A2D-B6F3-1C7DC601A50A}
		{599AE6F5-87FC-4C92-B125-B4AE0CEEED73} = {A5E6D19A-DA61-4CF9-8BE1-E085202DB4B2}
		{F5416421-55F4-4FC0-9E50-0BC7694E5B1C} = {A5E6D19A-DA61-4CF9-8BE1-E085202DB4B2}
		{DD88F8A4-49B4-48EF-A86A-B447B9F36980} = {1B610B21-0B32-426F-B006-FB8401EC8198}
		{D7A1CC94-5A6C-4A25-A78F-AA939A07B9D8} = {DD88F8A4-49B4-48EF-A86A-B447B9F36980}
		{673890F2-212D-4E5F-A70F-C1D37F3C5436} = {DD88F8A4-49B4-48EF-A86A-B447B9F36980}
	EndGlobalSection
	GlobalSection(ExtensibilityGlobals) = postSolution
		SolutionGuid = {2353DD9A-55C6-4BA7-8170-1FD031F0DE47}
	EndGlobalSection
EndGlobal
